
Microsoft Visual Studio Solution File, Format Version 12.00
# Visual Studio Version 17
VisualStudioVersion = 17.0.31903.59
MinimumVisualStudioVersion = 10.0.40219.1
Project("{FAE04EC0-301F-11D3-BF4B-00C04F79EFBC}") = "Paperless.Rest", "Paperless.Rest\Paperless.Rest.csproj", "{FFDC27CC-FCD3-43DA-A27C-FDFDD8A3EDC3}"
EndProject
Project("{FAE04EC0-301F-11D3-BF4B-00C04F79EFBC}") = "Paperless.Businesslogic.Interfaces", "Paperless.Businesslogic.Interfaces\Paperless.Businesslogic.Interfaces.csproj", "{4A1D239F-47D6-4F9E-B8BA-77492F1ADF9E}"
EndProject
Project("{FAE04EC0-301F-11D3-BF4B-00C04F79EFBC}") = "Paperless.Businesslogic.Entities", "Paperless.Businesslogic.Entities\Paperless.Businesslogic.Entities.csproj", "{02AAB6EA-3DEB-49D5-B5F6-91CE96CC8217}"
EndProject
Project("{FAE04EC0-301F-11D3-BF4B-00C04F79EFBC}") = "Paperless.Businesslogic.Logic", "Paperless.Businesslogic.Logic\Paperless.Businesslogic.Logic.csproj", "{FA389ECE-ED05-4729-91A5-E09EE5332CF2}"
EndProject
Project("{FAE04EC0-301F-11D3-BF4B-00C04F79EFBC}") = "Paperless.DataAccessLayer.Entities", "Paperless.DataAccessLayer.Entities\Paperless.DataAccessLayer.Entities.csproj", "{A071EC2D-4B20-4138-A284-7D9644F52DB5}"
EndProject
Project("{FAE04EC0-301F-11D3-BF4B-00C04F79EFBC}") = "Paperless.DataAccessLayer.Interfaces", "Paperless.DataAccessLayer.Interfaces\Paperless.DataAccessLayer.Interfaces.csproj", "{E4A81AA7-FEE4-49D5-ACE5-0A44CE3C2E73}"
EndProject
Project("{FAE04EC0-301F-11D3-BF4B-00C04F79EFBC}") = "Paperless.DataAccessLayer.Sql", "Paperless.DataAccessLayer.Sql\Paperless.DataAccessLayer.Sql.csproj", "{44F8B2B3-7185-4F59-94F7-65AE36F27AE5}"
EndProject
Project("{FAE04EC0-301F-11D3-BF4B-00C04F79EFBC}") = "Paperless.UnitTests", "Paperless.UnitTests\Paperless.UnitTests.csproj", "{7DBEFD14-9932-4529-8B11-7F2A5D187857}"
EndProject
Global
	GlobalSection(SolutionConfigurationPlatforms) = preSolution
		Debug|Any CPU = Debug|Any CPU
		Release|Any CPU = Release|Any CPU
	EndGlobalSection
	GlobalSection(SolutionProperties) = preSolution
		HideSolutionNode = FALSE
	EndGlobalSection
	GlobalSection(ProjectConfigurationPlatforms) = postSolution
		{FFDC27CC-FCD3-43DA-A27C-FDFDD8A3EDC3}.Debug|Any CPU.ActiveCfg = Debug|Any CPU
		{FFDC27CC-FCD3-43DA-A27C-FDFDD8A3EDC3}.Debug|Any CPU.Build.0 = Debug|Any CPU
		{FFDC27CC-FCD3-43DA-A27C-FDFDD8A3EDC3}.Release|Any CPU.ActiveCfg = Release|Any CPU
		{FFDC27CC-FCD3-43DA-A27C-FDFDD8A3EDC3}.Release|Any CPU.Build.0 = Release|Any CPU
		{4A1D239F-47D6-4F9E-B8BA-77492F1ADF9E}.Debug|Any CPU.ActiveCfg = Debug|Any CPU
		{4A1D239F-47D6-4F9E-B8BA-77492F1ADF9E}.Debug|Any CPU.Build.0 = Debug|Any CPU
		{4A1D239F-47D6-4F9E-B8BA-77492F1ADF9E}.Release|Any CPU.ActiveCfg = Release|Any CPU
		{4A1D239F-47D6-4F9E-B8BA-77492F1ADF9E}.Release|Any CPU.Build.0 = Release|Any CPU
		{02AAB6EA-3DEB-49D5-B5F6-91CE96CC8217}.Debug|Any CPU.ActiveCfg = Debug|Any CPU
		{02AAB6EA-3DEB-49D5-B5F6-91CE96CC8217}.Debug|Any CPU.Build.0 = Debug|Any CPU
		{02AAB6EA-3DEB-49D5-B5F6-91CE96CC8217}.Release|Any CPU.ActiveCfg = Release|Any CPU
		{02AAB6EA-3DEB-49D5-B5F6-91CE96CC8217}.Release|Any CPU.Build.0 = Release|Any CPU
		{FA389ECE-ED05-4729-91A5-E09EE5332CF2}.Debug|Any CPU.ActiveCfg = Debug|Any CPU
		{FA389ECE-ED05-4729-91A5-E09EE5332CF2}.Debug|Any CPU.Build.0 = Debug|Any CPU
		{FA389ECE-ED05-4729-91A5-E09EE5332CF2}.Release|Any CPU.ActiveCfg = Release|Any CPU
		{FA389ECE-ED05-4729-91A5-E09EE5332CF2}.Release|Any CPU.Build.0 = Release|Any CPU
		{A071EC2D-4B20-4138-A284-7D9644F52DB5}.Debug|Any CPU.ActiveCfg = Debug|Any CPU
		{A071EC2D-4B20-4138-A284-7D9644F52DB5}.Debug|Any CPU.Build.0 = Debug|Any CPU
		{A071EC2D-4B20-4138-A284-7D9644F52DB5}.Release|Any CPU.ActiveCfg = Release|Any CPU
		{A071EC2D-4B20-4138-A284-7D9644F52DB5}.Release|Any CPU.Build.0 = Release|Any CPU
		{E4A81AA7-FEE4-49D5-ACE5-0A44CE3C2E73}.Debug|Any CPU.ActiveCfg = Debug|Any CPU
		{E4A81AA7-FEE4-49D5-ACE5-0A44CE3C2E73}.Debug|Any CPU.Build.0 = Debug|Any CPU
		{E4A81AA7-FEE4-49D5-ACE5-0A44CE3C2E73}.Release|Any CPU.ActiveCfg = Release|Any CPU
		{E4A81AA7-FEE4-49D5-ACE5-0A44CE3C2E73}.Release|Any CPU.Build.0 = Release|Any CPU
		{44F8B2B3-7185-4F59-94F7-65AE36F27AE5}.Debug|Any CPU.ActiveCfg = Debug|Any CPU
		{44F8B2B3-7185-4F59-94F7-65AE36F27AE5}.Debug|Any CPU.Build.0 = Debug|Any CPU
		{44F8B2B3-7185-4F59-94F7-65AE36F27AE5}.Release|Any CPU.ActiveCfg = Release|Any CPU
		{44F8B2B3-7185-4F59-94F7-65AE36F27AE5}.Release|Any CPU.Build.0 = Release|Any CPU
		{7DBEFD14-9932-4529-8B11-7F2A5D187857}.Debug|Any CPU.ActiveCfg = Debug|Any CPU
		{7DBEFD14-9932-4529-8B11-7F2A5D187857}.Debug|Any CPU.Build.0 = Debug|Any CPU
		{7DBEFD14-9932-4529-8B11-7F2A5D187857}.Release|Any CPU.ActiveCfg = Release|Any CPU
		{7DBEFD14-9932-4529-8B11-7F2A5D187857}.Release|Any CPU.Build.0 = Release|Any CPU
	EndGlobalSection
EndGlobal
